// !$*UTF8*$!
{archiveVersion = 1; classes = {}; objectVersion = 56; objects = {
00000000000000000000006C = {isa = PBXFileReference; lastKnownFileType = sourcecode.swift; path = "iOS/Notifications.swift"; sourceTree = SOURCE_ROOT; };
0000000000000000000000D0 = {isa = PBXBuildFile; fileRef = 00000000000000000000006C; };
000000000000000000000064 = {isa = PBXFileReference; lastKnownFileType = sourcecode.swift; path = "RelayCore/HubAPI.swift"; sourceTree = SOURCE_ROOT; };
0000000000000000000000C8 = {isa = PBXBuildFile; fileRef = 000000000000000000000064; };
000000000000000000000065 = {isa = PBXFileReference; lastKnownFileType = sourcecode.swift; path = "RelayCore/Keychain.swift"; sourceTree = SOURCE_ROOT; };
0000000000000000000000C9 = {isa = PBXBuildFile; fileRef = 000000000000000000000065; };
000000000000000000000066 = {isa = PBXFileReference; lastKnownFileType = sourcecode.swift; path = "RelayCore/Models.swift"; sourceTree = SOURCE_ROOT; };
0000000000000000000000CA = {isa = PBXBuildFile; fileRef = 000000000000000000000066; };
000000000000000000000067 = {isa = PBXFileReference; lastKnownFileType = sourcecode.swift; path = "RelayCore/Outbox.swift"; sourceTree = SOURCE_ROOT; };
0000000000000000000000CB = {isa = PBXBuildFile; fileRef = 000000000000000000000067; };
000000000000000000000068 = {isa = PBXFileReference; lastKnownFileType = sourcecode.swift; path = "iOS/CodexRelayApp.swift"; sourceTree = SOURCE_ROOT; };
0000000000000000000000CC = {isa = PBXBuildFile; fileRef = 000000000000000000000068; };
000000000000000000000069 = {isa = PBXFileReference; lastKnownFileType = sourcecode.swift; path = "iOS/RelayController.swift"; sourceTree = SOURCE_ROOT; };
0000000000000000000000CD = {isa = PBXBuildFile; fileRef = 000000000000000000000069; };
00000000000000000000006A = {isa = PBXFileReference; lastKnownFileType = sourcecode.swift; path = "iOS/Views.swift"; sourceTree = SOURCE_ROOT; };
0000000000000000000000CE = {isa = PBXBuildFile; fileRef = 00000000000000000000006A; };
000000000000000000000001 = {isa = PBXProject; attributes = {LastUpgradeCheck = 2600; }; buildConfigurationList = 000000000000000000000002; compatibilityVersion = "Xcode 14.0"; developmentRegion = en; knownRegions = (en, Base); mainGroup = 000000000000000000000003; productRefGroup = 000000000000000000000004; projectDirPath = ""; projectRoot = ""; targets = (000000000000000000000005,); };
000000000000000000000003 = {isa = PBXGroup; children = (00000000000000000000006C,000000000000000000000064,000000000000000000000065,000000000000000000000066,000000000000000000000067,000000000000000000000068,000000000000000000000069,00000000000000000000006A,000000000000000000000004,); sourceTree = "<group>"; };
000000000000000000000004 = {isa = PBXGroup; children = (000000000000000000000006,); name = Products; sourceTree = "<group>"; };
000000000000000000000006 = {isa = PBXFileReference; explicitFileType = wrapper.application; includeInIndex = 0; path = CodexRelay.app; sourceTree = BUILT_PRODUCTS_DIR; };
000000000000000000000005 = {isa = PBXNativeTarget; buildConfigurationList = 000000000000000000000007; buildPhases = (000000000000000000000008,000000000000000000000009,00000000000000000000000A,); buildRules = (); dependencies = (); name = CodexRelay; productName = CodexRelay; productReference = 000000000000000000000006; productType = "com.apple.product-type.application"; };
000000000000000000000008 = {isa = PBXSourcesBuildPhase; buildActionMask = 2147483647; files = (0000000000000000000000D0,0000000000000000000000C8,0000000000000000000000C9,0000000000000000000000CA,0000000000000000000000CB,0000000000000000000000CC,0000000000000000000000CD,0000000000000000000000CE,); runOnlyForDeploymentPostprocessing = 0; };
000000000000000000000009 = {isa = PBXFrameworksBuildPhase; buildActionMask = 2147483647; files = (); runOnlyForDeploymentPostprocessing = 0; };
00000000000000000000000A = {isa = PBXResourcesBuildPhase; buildActionMask = 2147483647; files = (); runOnlyForDeploymentPostprocessing = 0; };
000000000000000000000002 = {isa = XCConfigurationList; buildConfigurations = (00000000000000000000000B,00000000000000000000000C,); defaultConfigurationIsVisible = 0; defaultConfigurationName = Release; };
000000000000000000000007 = {isa = XCConfigurationList; buildConfigurations = (00000000000000000000000D,00000000000000000000000E,); defaultConfigurationIsVisible = 0; defaultConfigurationName = Release; };
00000000000000000000000B = {isa = XCBuildConfiguration; buildSettings = {CLANG_ENABLE_MODULES = YES; SDKROOT = iphoneos; IPHONEOS_DEPLOYMENT_TARGET = 17.0; SWIFT_VERSION = 6.0; }; name = Debug; };
00000000000000000000000C = {isa = XCBuildConfiguration; buildSettings = {CLANG_ENABLE_MODULES = YES; SDKROOT = iphoneos; IPHONEOS_DEPLOYMENT_TARGET = 17.0; SWIFT_VERSION = 6.0; }; name = Release; };
00000000000000000000000D = {isa = XCBuildConfiguration; buildSettings = {CODE_SIGN_STYLE = Automatic; GENERATE_INFOPLIST_FILE = YES; INFOPLIST_KEY_CFBundleDisplayName = "Codex Relay"; INFOPLIST_KEY_UILaunchScreen_Generation = YES; INFOPLIST_KEY_UIApplicationSceneManifest_Generation = YES; INFOPLIST_KEY_UISupportedInterfaceOrientations_iPhone = "UIInterfaceOrientationPortrait UIInterfaceOrientationLandscapeLeft UIInterfaceOrientationLandscapeRight"; CURRENT_PROJECT_VERSION = 1; MARKETING_VERSION = 0.1.0; PRODUCT_BUNDLE_IDENTIFIER = "net.codex-relay.iphone"; PRODUCT_NAME = "$(TARGET_NAME)"; TARGETED_DEVICE_FAMILY = "1,2"; SWIFT_STRICT_CONCURRENCY = complete; APS_ENVIRONMENT = development; INFOPLIST_KEY_RelayAPNSEnvironment = sandbox; SWIFT_OPTIMIZATION_LEVEL = "-Onone"; SWIFT_ACTIVE_COMPILATION_CONDITIONS = DEBUG;}; name = Debug; };
00000000000000000000000E = {isa = XCBuildConfiguration; buildSettings = {CODE_SIGN_STYLE = Automatic; GENERATE_INFOPLIST_FILE = YES; INFOPLIST_KEY_CFBundleDisplayName = "Codex Relay"; INFOPLIST_KEY_UILaunchScreen_Generation = YES; INFOPLIST_KEY_UIApplicationSceneManifest_Generation = YES; INFOPLIST_KEY_UISupportedInterfaceOrientations_iPhone = "UIInterfaceOrientationPortrait UIInterfaceOrientationLandscapeLeft UIInterfaceOrientationLandscapeRight"; CURRENT_PROJECT_VERSION = 1; MARKETING_VERSION = 0.1.0; PRODUCT_BUNDLE_IDENTIFIER = "net.codex-relay.iphone"; PRODUCT_NAME = "$(TARGET_NAME)"; TARGETED_DEVICE_FAMILY = "1,2"; SWIFT_STRICT_CONCURRENCY = complete; APS_ENVIRONMENT = production; INFOPLIST_KEY_RelayAPNSEnvironment = production; SWIFT_OPTIMIZATION_LEVEL = "-O";}; name = Release; };
}; rootObject = 000000000000000000000001; }
